
Microsoft Visual Studio Solution File, Format Version 12.00
# Visual Studio 15
VisualStudioVersion = 15.0.28010.2036
MinimumVisualStudioVersion = 10.0.40219.1
Project("{FAE04EC0-301F-11D3-BF4B-00C04F79EFBC}") = "HealthyRecipes", "HealthyRecipes\HealthyRecipes.csproj", "{44765DAF-A7D8-48AA-8FF3-02F5ACC2FFCE}"
EndProject
Global
	GlobalSection(SolutionConfigurationPlatforms) = preSolution
		Debug|Any CPU = Debug|Any CPU
		Release|Any CPU = Release|Any CPU
	EndGlobalSection
	GlobalSection(ProjectConfigurationPlatforms) = postSolution
		{44765DAF-A7D8-48AA-8FF3-02F5ACC2FFCE}.Debug|Any CPU.ActiveCfg = Debug|Any CPU
		{44765DAF-A7D8-48AA-8FF3-02F5ACC2FFCE}.Debug|Any CPU.Build.0 = Debug|Any CPU
		{44765DAF-A7D8-48AA-8FF3-02F5ACC2FFCE}.Release|Any CPU.ActiveCfg = Release|Any CPU
		{44765DAF-A7D8-48AA-8FF3-02F5ACC2FFCE}.Release|Any CPU.Build.0 = Release|Any CPU
	EndGlobalSection
	GlobalSection(SolutionProperties) = preSolution
		HideSolutionNode = FALSE
	EndGlobalSection
	GlobalSection(ExtensibilityGlobals) = postSolution
		SolutionGuid = {8EF2A899-3AB8-4D55-8D17-14448F0C363C}
	EndGlobalSection
EndGlobal
